{
    "requires": true,
    "lockfileVersion": 1,
    "dependencies": {
        "tslib": {
            "version": "2.2.0",
            "resolved": "https://registry.npmjs.org/tslib/-/tslib-2.2.0.tgz",
            "integrity": "sha512-gS9GVHRU+RGn5KQM2rllAlR3dU6m7AcpJKdtH8gFvQiC4Otgk98XnmMU+nZenHt/+VhnBPWwgrJsyrdcw6i23w=="
        },
        "vue-qrcode": {
            "version": "0.4.0",
            "resolved": "https://registry.npmjs.org/vue-qrcode/-/vue-qrcode-0.4.0.tgz",
            "integrity": "sha512-xkaJ1omfzqmEMCotrksZgnneGN8tF52NXpn5suf/lM/L5m7q6+65merbWHt4umWmTpGEZLjFGWg3MuH+HwqTLA==",
            "requires": {
                "tslib": "^2.2.0"
            }
        }
    }
}
